{
  "name": "check-your-eligibility-frontend",
  "lockfileVersion": 3,
  "requires": true,
  "packages": {
    "": {
      "dependencies": {
        "govuk-frontend": "6.0.0"
      }
    },
    "node_modules/govuk-frontend": {
      "version": "6.0.0",
      "resolved": "https://registry.npmjs.org/govuk-frontend/-/govuk-frontend-6.0.0.tgz",
      "integrity": "sha512-n1DUbQD6coHL3UkQS0yTbd4ziIxLBzkWBODVCjXMclSY7FvOGeHcTg3c72z6u7DQECQb0tfZofhPjGxPUOIizA==",
      "license": "MIT",
      "engines": {
        "node": ">= 4.2.0"
      }
    }
  }
}
